// !$*UTF8*$!
{
	archiveVersion = 1;
	classes = {
	};
	objectVersion = 50;
	objects = {

/* Begin PBXBuildFile section */
		73919EF0214BDCB100E27EF7 /* AppDelegate.swift in Sources */ = {isa = PBXBuildFile; fileRef = 73919EEF214BDCB100E27EF7 /* AppDelegate.swift */; };
		73919EF2214BDCB100E27EF7 /* ViewController.swift in Sources */ = {isa = PBXBuildFile; fileRef = 73919EF1214BDCB100E27EF7 /* ViewController.swift */; };
		73919EF5214BDCB100E27EF7 /* Main.storyboard in Resources */ = {isa = PBXBuildFile; fileRef = 73919EF3214BDCB100E27EF7 /* Main.storyboard */; };
		73919EF7214BDCB600E27EF7 /* Assets.xcassets in Resources */ = {isa = PBXBuildFile; fileRef = 73919EF6214BDCB600E27EF7 /* Assets.xcassets */; };
		73919EFA214BDCB600E27EF7 /* LaunchScreen.storyboard in Resources */ = {isa = PBXBuildFile; fileRef = 73919EF8214BDCB600E27EF7 /* LaunchScreen.storyboard */; };
		73919F05214BDCB600E27EF7 /* NKLoadingViewTests.swift in Sources */ = {isa = PBXBuildFile; fileRef = 73919F04214BDCB600E27EF7 /* NKLoadingViewTests.swift */; };
		73919F10214BDCB600E27EF7 /* NKLoadingViewUITests.swift in Sources */ = {isa = PBXBuildFile; fileRef = 73919F0F214BDCB600E27EF7 /* NKLoadingViewUITests.swift */; };
		73919F1E214BDCD200E27EF7 /* NKLoadingView.swift in Sources */ = {isa = PBXBuildFile; fileRef = 73919F1D214BDCD200E27EF7 /* NKLoadingView.swift */; };
/* End PBXBuildFile section */

/* Begin PBXContainerItemProxy section */
		73919F01214BDCB600E27EF7 /* PBXContainerItemProxy */ = {
			isa = PBXContainerItemProxy;
			containerPortal = 73919EE4214BDCB100E27EF7 /* Project object */;
			proxyType = 1;
			remoteGlobalIDString = 73919EEB214BDCB100E27EF7;
			remoteInfo = NKLoadingView;
		};
		73919F0C214BDCB600E27EF7 /* PBXContainerItemProxy */ = {
			isa = PBXContainerItemProxy;
			containerPortal = 73919EE4214BDCB100E27EF7 /* Project object */;
			proxyType = 1;
			remoteGlobalIDString = 73919EEB214BDCB100E27EF7;
			remoteInfo = NKLoadingView;
		};
/* End PBXContainerItemProxy section */

/* Begin PBXFileReference section */
		73919EEC214BDCB100E27EF7 /* NKLoadingView.app */ = {isa = PBXFileReference; explicitFileType = wrapper.application; includeInIndex = 0; path = NKLoadingView.app; sourceTree = BUILT_PRODUCTS_DIR; };
		73919EEF214BDCB100E27EF7 /* AppDelegate.swift */ = {isa = PBXFileReference; lastKnownFileType = sourcecode.swift; path = AppDelegate.swift; sourceTree = "<group>"; };
		73919EF1214BDCB100E27EF7 /* ViewController.swift */ = {isa = PBXFileReference; lastKnownFileType = sourcecode.swift; path = ViewController.swift; sourceTree = "<group>"; };
		73919EF4214BDCB100E27EF7 /* Base */ = {isa = PBXFileReference; lastKnownFileType = file.storyboard; name = Base; path = Base.lproj/Main.storyboard; sourceTree = "<group>"; };
		73919EF6214BDCB600E27EF7 /* Assets.xcassets */ = {isa = PBXFileReference; lastKnownFileType = folder.assetcatalog; path = Assets.xcassets; sourceTree = "<group>"; };
		73919EF9214BDCB600E27EF7 /* Base */ = {isa = PBXFileReference; lastKnownFileType = file.storyboard; name = Base; path = Base.lproj/LaunchScreen.storyboard; sourceTree = "<group>"; };
		73919EFB214BDCB600E27EF7 /* Info.plist */ = {isa = PBXFileReference; lastKnownFileType = text.plist.xml; path = Info.plist; sourceTree = "<group>"; };
		73919F00214BDCB600E27EF7 /* NKLoadingViewTests.xctest */ = {isa = PBXFileReference; explicitFileType = wrapper.cfbundle; includeInIndex = 0; path = NKLoadingViewTests.xctest; sourceTree = BUILT_PRODUCTS_DIR; };
		73919F04214BDCB600E27EF7 /* NKLoadingViewTests.swift */ = {isa = PBXFileReference; lastKnownFileType = sourcecode.swift; path = NKLoadingViewTests.swift; sourceTree = "<group>"; };
		73919F06214BDCB600E27EF7 /* Info.plist */ = {isa = PBXFileReference; lastKnownFileType = text.plist.xml; path = Info.plist; sourceTree = "<group>"; };
		73919F0B214BDCB600E27EF7 /* NKLoadingViewUITests.xctest */ = {isa = PBXFileReference; explicitFileType = wrapper.cfbundle; includeInIndex = 0; path = NKLoadingViewUITests.xctest; sourceTree = BUILT_PRODUCTS_DIR; };
		73919F0F214BDCB600E27EF7 /* NKLoadingViewUITests.swift */ = {isa = PBXFileReference; lastKnownFileType = sourcecode.swift; path = NKLoadingViewUITests.swift; sourceTree = "<group>"; };
		73919F11214BDCB600E27EF7 /* Info.plist */ = {isa = PBXFileReference; lastKnownFileType = text.plist.xml; path = Info.plist; sourceTree = "<group>"; };
		73919F1D214BDCD200E27EF7 /* NKLoadingView.swift */ = {isa = PBXFileReference; lastKnownFileType = sourcecode.swift; path = NKLoadingView.swift; sourceTree = "<group>"; };
/* End PBXFileReference section */

/* Begin PBXFrameworksBuildPhase section */
		73919EE9214BDCB100E27EF7 /* Frameworks */ = {
			isa = PBXFrameworksBuildPhase;
			buildActionMask = 2147483647;
			files = (
			);
			runOnlyForDeploymentPostprocessing = 0;
		};
		73919EFD214BDCB600E27EF7 /* Frameworks */ = {
			isa = PBXFrameworksBuildPhase;
			buildActionMask = 2147483647;
			files = (
			);
			runOnlyForDeploymentPostprocessing = 0;
		};
		73919F08214BDCB600E27EF7 /* Frameworks */ = {
			isa = PBXFrameworksBuildPhase;
			buildActionMask = 2147483647;
			files = (
			);
			runOnlyForDeploymentPostprocessing = 0;
		};
/* End PBXFrameworksBuildPhase section */

/* Begin PBXGroup section */
		73919EE3214BDCB100E27EF7 = {
			isa = PBXGroup;
			children = (
				73919EEE214BDCB100E27EF7 /* NKLoadingView */,
				73919F03214BDCB600E27EF7 /* NKLoadingViewTests */,
				73919F0E214BDCB600E27EF7 /* NKLoadingViewUITests */,
				73919EED214BDCB100E27EF7 /* Products */,
			);
			sourceTree = "<group>";
		};
		73919EED214BDCB100E27EF7 /* Products */ = {
			isa = PBXGroup;
			children = (
				73919EEC214BDCB100E27EF7 /* NKLoadingView.app */,
				73919F00214BDCB600E27EF7 /* NKLoadingViewTests.xctest */,
				73919F0B214BDCB600E27EF7 /* NKLoadingViewUITests.xctest */,
			);
			name = Products;
			sourceTree = "<group>";
		};
		73919EEE214BDCB100E27EF7 /* NKLoadingView */ = {
			isa = PBXGroup;
			children = (
				73919EEF214BDCB100E27EF7 /* AppDelegate.swift */,
				73919EF1214BDCB100E27EF7 /* ViewController.swift */,
				73919F1D214BDCD200E27EF7 /* NKLoadingView.swift */,
				73919EF3214BDCB100E27EF7 /* Main.storyboard */,
				73919EF6214BDCB600E27EF7 /* Assets.xcassets */,
				73919EF8214BDCB600E27EF7 /* LaunchScreen.storyboard */,
				73919EFB214BDCB600E27EF7 /* Info.plist */,
			);
			path = NKLoadingView;
			sourceTree = "<group>";
		};
		73919F03214BDCB600E27EF7 /* NKLoadingViewTests */ = {
			isa = PBXGroup;
			children = (
				73919F04214BDCB600E27EF7 /* NKLoadingViewTests.swift */,
				73919F06214BDCB600E27EF7 /* Info.plist */,
			);
			path = NKLoadingViewTests;
			sourceTree = "<group>";
		};
		73919F0E214BDCB600E27EF7 /* NKLoadingViewUITests */ = {
			isa = PBXGroup;
			children = (
				73919F0F214BDCB600E27EF7 /* NKLoadingViewUITests.swift */,
				73919F11214BDCB600E27EF7 /* Info.plist */,
			);
			path = NKLoadingViewUITests;
			sourceTree = "<group>";
		};
/* End PBXGroup section */

/* Begin PBXNativeTarget section */
		73919EEB214BDCB100E27EF7 /* NKLoadingView */ = {
			isa = PBXNativeTarget;
			buildConfigurationList = 73919F14214BDCB600E27EF7 /* Build configuration list for PBXNativeTarget "NKLoadingView" */;
			buildPhases = (
				73919EE8214BDCB100E27EF7 /* Sources */,
				73919EE9214BDCB100E27EF7 /* Frameworks */,
				73919EEA214BDCB100E27EF7 /* Resources */,
			);
			buildRules = (
			);
			dependencies = (
			);
			name = NKLoadingView;
			productName = NKLoadingView;
			productReference = 73919EEC214BDCB100E27EF7 /* NKLoadingView.app */;
			productType = "com.apple.product-type.application";
		};
		73919EFF214BDCB600E27EF7 /* NKLoadingViewTests */ = {
			isa = PBXNativeTarget;
			buildConfigurationList = 73919F17214BDCB600E27EF7 /* Build configuration list for PBXNativeTarget "NKLoadingViewTests" */;
			buildPhases = (
				73919EFC214BDCB600E27EF7 /* Sources */,
				73919EFD214BDCB600E27EF7 /* Frameworks */,
				73919EFE214BDCB600E27EF7 /* Resources */,
			);
			buildRules = (
			);
			dependencies = (
				73919F02214BDCB600E27EF7 /* PBXTargetDependency */,
			);
			name = NKLoadingViewTests;
			productName = NKLoadingViewTests;
			productReference = 73919F00214BDCB600E27EF7 /* NKLoadingViewTests.xctest */;
			productType = "com.apple.product-type.bundle.unit-test";
		};
		73919F0A214BDCB600E27EF7 /* NKLoadingViewUITests */ = {
			isa = PBXNativeTarget;
			buildConfigurationList = 73919F1A214BDCB600E27EF7 /* Build configuration list for PBXNativeTarget "NKLoadingViewUITests" */;
			buildPhases = (
				73919F07214BDCB600E27EF7 /* Sources */,
				73919F08214BDCB600E27EF7 /* Frameworks */,
				73919F09214BDCB600E27EF7 /* Resources */,
			);
			buildRules = (
			);
			dependencies = (
				73919F0D214BDCB600E27EF7 /* PBXTargetDependency */,
			);
			name = NKLoadingViewUITests;
			productName = NKLoadingViewUITests;
			productReference = 73919F0B214BDCB600E27EF7 /* NKLoadingViewUITests.xctest */;
			productType = "com.apple.product-type.bundle.ui-testing";
		};
/* End PBXNativeTarget section */

/* Begin PBXProject section */
		73919EE4214BDCB100E27EF7 /* Project object */ = {
			isa = PBXProject;
			attributes = {
				LastSwiftUpdateCheck = 0930;
				LastUpgradeCheck = 0930;
				ORGANIZATIONNAME = "Nikesh Jha";
				TargetAttributes = {
					73919EEB214BDCB100E27EF7 = {
						CreatedOnToolsVersion = 9.3;
					};
					73919EFF214BDCB600E27EF7 = {
						CreatedOnToolsVersion = 9.3;
						TestTargetID = 73919EEB214BDCB100E27EF7;
					};
					73919F0A214BDCB600E27EF7 = {
						CreatedOnToolsVersion = 9.3;
						TestTargetID = 73919EEB214BDCB100E27EF7;
					};
				};
			};
			buildConfigurationList = 73919EE7214BDCB100E27EF7 /* Build configuration list for PBXProject "NKLoadingView" */;
			compatibilityVersion = "Xcode 9.3";
			developmentRegion = en;
			hasScannedForEncodings = 0;
			knownRegions = (
				en,
				Base,
			);
			mainGroup = 73919EE3214BDCB100E27EF7;
			productRefGroup = 73919EED214BDCB100E27EF7 /* Products */;
			projectDirPath = "";
			projectRoot = "";
			targets = (
				73919EEB214BDCB100E27EF7 /* NKLoadingView */,
				73919EFF214BDCB600E27EF7 /* NKLoadingViewTests */,
				73919F0A214BDCB600E27EF7 /* NKLoadingViewUITests */,
			);
		};
/* End PBXProject section */

/* Begin PBXResourcesBuildPhase section */
		73919EEA214BDCB100E27EF7 /* Resources */ = {
			isa = PBXResourcesBuildPhase;
			buildActionMask = 2147483647;
			files = (
				73919EFA214BDCB600E27EF7 /* LaunchScreen.storyboard in Resources */,
				73919EF7214BDCB600E27EF7 /* Assets.xcassets in Resources */,
				73919EF5214BDCB100E27EF7 /* Main.storyboard in Resources */,
			);
			runOnlyForDeploymentPostprocessing = 0;
		};
		73919EFE214BDCB600E27EF7 /* Resources */ = {
			isa = PBXResourcesBuildPhase;
			buildActionMask = 2147483647;
			files = (
			);
			runOnlyForDeploymentPostprocessing = 0;
		};
		73919F09214BDCB600E27EF7 /* Resources */ = {
			isa = PBXResourcesBuildPhase;
			buildActionMask = 2147483647;
			files = (
			);
			runOnlyForDeploymentPostprocessing = 0;
		};
/* End PBXResourcesBuildPhase section */

/* Begin PBXSourcesBuildPhase section */
		73919EE8214BDCB100E27EF7 /* Sources */ = {
			isa = PBXSourcesBuildPhase;
			buildActionMask = 2147483647;
			files = (
				73919F1E214BDCD200E27EF7 /* NKLoadingView.swift in Sources */,
				73919EF2214BDCB100E27EF7 /* ViewController.swift in Sources */,
				73919EF0214BDCB100E27EF7 /* AppDelegate.swift in Sources */,
			);
			runOnlyForDeploymentPostprocessing = 0;
		};
		73919EFC214BDCB600E27EF7 /* Sources */ = {
			isa = PBXSourcesBuildPhase;
			buildActionMask = 2147483647;
			files = (
				73919F05214BDCB600E27EF7 /* NKLoadingViewTests.swift in Sources */,
			);
			runOnlyForDeploymentPostprocessing = 0;
		};
		73919F07214BDCB600E27EF7 /* Sources */ = {
			isa = PBXSourcesBuildPhase;
			buildActionMask = 2147483647;
			files = (
				73919F10214BDCB600E27EF7 /* NKLoadingViewUITests.swift in Sources */,
			);
			runOnlyForDeploymentPostprocessing = 0;
		};
/* End PBXSourcesBuildPhase section */

/* Begin PBXTargetDependency section */
		73919F02214BDCB600E27EF7 /* PBXTargetDependency */ = {
			isa = PBXTargetDependency;
			target = 73919EEB214BDCB100E27EF7 /* NKLoadingView */;
			targetProxy = 73919F01214BDCB600E27EF7 /* PBXContainerItemProxy */;
		};
		73919F0D214BDCB600E27EF7 /* PBXTargetDependency */ = {
			isa = PBXTargetDependency;
			target = 73919EEB214BDCB100E27EF7 /* NKLoadingView */;
			targetProxy = 73919F0C214BDCB600E27EF7 /* PBXContainerItemProxy */;
		};
/* End PBXTargetDependency section */

/* Begin PBXVariantGroup section */
		73919EF3214BDCB100E27EF7 /* Main.storyboard */ = {
			isa = PBXVariantGroup;
			children = (
				73919EF4214BDCB100E27EF7 /* Base */,
			);
			name = Main.storyboard;
			sourceTree = "<group>";
		};
		73919EF8214BDCB600E27EF7 /* LaunchScreen.storyboard */ = {
			isa = PBXVariantGroup;
			children = (
				73919EF9214BDCB600E27EF7 /* Base */,
			);
			name = LaunchScreen.storyboard;
			sourceTree = "<group>";
		};
/* End PBXVariantGroup section */

/* Begin XCBuildConfiguration section */
		73919F12214BDCB600E27EF7 /* Debug */ = {
			isa = XCBuildConfiguration;
			buildSettings = {
				ALWAYS_SEARCH_USER_PATHS = NO;
				CLANG_ANALYZER_NONNULL = YES;
				CLANG_ANALYZER_NUMBER_OBJECT_CONVERSION = YES_AGGRESSIVE;
				CLANG_CXX_LANGUAGE_STANDARD = "gnu++14";
				CLANG_CXX_LIBRARY = "libc++";
				CLANG_ENABLE_MODULES = YES;
				CLANG_ENABLE_OBJC_ARC = YES;
				CLANG_ENABLE_OBJC_WEAK = YES;
				CLANG_WARN_BLOCK_CAPTURE_AUTORELEASING = YES;
				CLANG_WARN_BOOL_CONVERSION = YES;
				CLANG_WARN_COMMA = YES;
				CLANG_WARN_CONSTANT_CONVERSION = YES;
				CLANG_WARN_DEPRECATED_OBJC_IMPLEMENTATIONS = YES;
				CLANG_WARN_DIRECT_OBJC_ISA_USAGE = YES_ERROR;
				CLANG_WARN_DOCUMENTATION_COMMENTS = YES;
				CLANG_WARN_EMPTY_BODY = YES;
				CLANG_WARN_ENUM_CONVERSION = YES;
				CLANG_WARN_INFINITE_RECURSION = YES;
				CLANG_WARN_INT_CONVERSION = YES;
				CLANG_WARN_NON_LITERAL_NULL_CONVERSION = YES;
				CLANG_WARN_OBJC_IMPLICIT_RETAIN_SELF = YES;
				CLANG_WARN_OBJC_LITERAL_CONVERSION = YES;
				CLANG_WARN_OBJC_ROOT_CLASS = YES_ERROR;
				CLANG_WARN_RANGE_LOOP_ANALYSIS = YES;
				CLANG_WARN_STRICT_PROTOTYPES = YES;
				CLANG_WARN_SUSPICIOUS_MOVE = YES;
				CLANG_WARN_UNGUARDED_AVAILABILITY = YES_AGGRESSIVE;
				CLANG_WARN_UNREACHABLE_CODE = YES;
				CLANG_WARN__DUPLICATE_METHOD_MATCH = YES;
				CODE_SIGN_IDENTITY = "iPhone Developer";
				COPY_PHASE_STRIP = NO;
				DEBUG_INFORMATION_FORMAT = dwarf;
				ENABLE_STRICT_OBJC_MSGSEND = YES;
				ENABLE_TESTABILITY = YES;
				GCC_C_LANGUAGE_STANDARD = gnu11;
				GCC_DYNAMIC_NO_PIC = NO;
				GCC_NO_COMMON_BLOCKS = YES;
				GCC_OPTIMIZATION_LEVEL = 0;
				GCC_PREPROCESSOR_DEFINITIONS = (
					"DEBUG=1",
					"$(inherited)",
				);
				GCC_WARN_64_TO_32_BIT_CONVERSION = YES;
				GCC_WARN_ABOUT_RETURN_TYPE = YES_ERROR;
				GCC_WARN_UNDECLARED_SELECTOR = YES;
				GCC_WARN_UNINITIALIZED_AUTOS = YES_AGGRESSIVE;
				GCC_WARN_UNUSED_FUNCTION = YES;
				GCC_WARN_UNUSED_VARIABLE = YES;
				IPHONEOS_DEPLOYMENT_TARGET = 11.3;
				MTL_ENABLE_DEBUG_INFO = YES;
				ONLY_ACTIVE_ARCH = YES;
				SDKROOT = iphoneos;
				SWIFT_ACTIVE_COMPILATION_CONDITIONS = DEBUG;
				SWIFT_OPTIMIZATION_LEVEL = "-Onone";
			};
			name = Debug;
		};
		73919F13214BDCB600E27EF7 /* Release */ = {
			isa = XCBuildConfiguration;
			buildSettings = {
				ALWAYS_SEARCH_USER_PATHS = NO;
				CLANG_ANALYZER_NONNULL = YES;
				CLANG_ANALYZER_NUMBER_OBJECT_CONVERSION = YES_AGGRESSIVE;
				CLANG_CXX_LANGUAGE_STANDARD = "gnu++14";
				CLANG_CXX_LIBRARY = "libc++";
				CLANG_ENABLE_MODULES = YES;
				CLANG_ENABLE_OBJC_ARC = YES;
				CLANG_ENABLE_OBJC_WEAK = YES;
				CLANG_WARN_BLOCK_CAPTURE_AUTORELEASING = YES;
				CLANG_WARN_BOOL_CONVERSION = YES;
				CLANG_WARN_COMMA = YES;
				CLANG_WARN_CONSTANT_CONVERSION = YES;
				CLANG_WARN_DEPRECATED_OBJC_IMPLEMENTATIONS = YES;
				CLANG_WARN_DIRECT_OBJC_ISA_USAGE = YES_ERROR;
				CLANG_WARN_DOCUMENTATION_COMMENTS = YES;
				CLANG_WARN_EMPTY_BODY = YES;
				CLANG_WARN_ENUM_CONVERSION = YES;
				CLANG_WARN_INFINITE_RECURSION = YES;
				CLANG_WARN_INT_CONVERSION = YES;
				CLANG_WARN_NON_LITERAL_NULL_CONVERSION = YES;
				CLANG_WARN_OBJC_IMPLICIT_RETAIN_SELF = YES;
				CLANG_WARN_OBJC_LITERAL_CONVERSION = YES;
				CLANG_WARN_OBJC_ROOT_CLASS = YES_ERROR;
				CLANG_WARN_RANGE_LOOP_ANALYSIS = YES;
				CLANG_WARN_STRICT_PROTOTYPES = YES;
				CLANG_WARN_SUSPICIOUS_MOVE = YES;
				CLANG_WARN_UNGUARDED_AVAILABILITY = YES_AGGRESSIVE;
				CLANG_WARN_UNREACHABLE_CODE = YES;
				CLANG_WARN__DUPLICATE_METHOD_MATCH = YES;
				CODE_SIGN_IDENTITY = "iPhone Developer";
				COPY_PHASE_STRIP = NO;
				DEBUG_INFORMATION_FORMAT = "dwarf-with-dsym";
				ENABLE_NS_ASSERTIONS = NO;
				ENABLE_STRICT_OBJC_MSGSEND = YES;
				GCC_C_LANGUAGE_STANDARD = gnu11;
				GCC_NO_COMMON_BLOCKS = YES;
				GCC_WARN_64_TO_32_BIT_CONVERSION = YES;
				GCC_WARN_ABOUT_RETURN_TYPE = YES_ERROR;
				GCC_WARN_UNDECLARED_SELECTOR = YES;
				GCC_WARN_UNINITIALIZED_AUTOS = YES_AGGRESSIVE;
				GCC_WARN_UNUSED_FUNCTION = YES;
				GCC_WARN_UNUSED_VARIABLE = YES;
				IPHONEOS_DEPLOYMENT_TARGET = 11.3;
				MTL_ENABLE_DEBUG_INFO = NO;
				SDKROOT = iphoneos;
				SWIFT_COMPILATION_MODE = wholemodule;
				SWIFT_OPTIMIZATION_LEVEL = "-O";
				VALIDATE_PRODUCT = YES;
			};
			name = Release;
		};
		73919F15214BDCB600E27EF7 /* Debug */ = {
			isa = XCBuildConfiguration;
			buildSettings = {
				ASSETCATALOG_COMPILER_APPICON_NAME = AppIcon;
				CODE_SIGN_STYLE = Automatic;
				DEVELOPMENT_TEAM = EX46B9967N;
				INFOPLIST_FILE = NKLoadingView/Info.plist;
				LD_RUNPATH_SEARCH_PATHS = (
					"$(inherited)",
					"@executable_path/Frameworks",
				);
				PRODUCT_BUNDLE_IDENTIFIER = com.nikesh.nkloadingview.NKLoadingView;
				PRODUCT_NAME = "$(TARGET_NAME)";
				SWIFT_VERSION = 4.0;
				TARGETED_DEVICE_FAMILY = "1,2";
			};
			name = Debug;
		};
		73919F16214BDCB600E27EF7 /* Release */ = {
			isa = XCBuildConfiguration;
			buildSettings = {
				ASSETCATALOG_COMPILER_APPICON_NAME = AppIcon;
				CODE_SIGN_STYLE = Automatic;
				DEVELOPMENT_TEAM = EX46B9967N;
				INFOPLIST_FILE = NKLoadingView/Info.plist;
				LD_RUNPATH_SEARCH_PATHS = (
					"$(inherited)",
					"@executable_path/Frameworks",
				);
				PRODUCT_BUNDLE_IDENTIFIER = com.nikesh.nkloadingview.NKLoadingView;
				PRODUCT_NAME = "$(TARGET_NAME)";
				SWIFT_VERSION = 4.0;
				TARGETED_DEVICE_FAMILY = "1,2";
			};
			name = Release;
		};
		73919F18214BDCB600E27EF7 /* Debug */ = {
			isa = XCBuildConfiguration;
			buildSettings = {
				ALWAYS_EMBED_SWIFT_STANDARD_LIBRARIES = YES;
				BUNDLE_LOADER = "$(TEST_HOST)";
				CODE_SIGN_STYLE = Automatic;
				DEVELOPMENT_TEAM = RET4F8AAX3;
				INFOPLIST_FILE = NKLoadingViewTests/Info.plist;
				LD_RUNPATH_SEARCH_PATHS = (
					"$(inherited)",
					"@executable_path/Frameworks",
					"@loader_path/Frameworks",
				);
				PRODUCT_BUNDLE_IDENTIFIER = com.nikesh.nkloadingview.NKLoadingViewTests;
				PRODUCT_NAME = "$(TARGET_NAME)";
				SWIFT_VERSION = 4.0;
				TARGETED_DEVICE_FAMILY = "1,2";
				TEST_HOST = "$(BUILT_PRODUCTS_DIR)/NKLoadingView.app/NKLoadingView";
			};
			name = Debug;
		};
		73919F19214BDCB600E27EF7 /* Release */ = {
			isa = XCBuildConfiguration;
			buildSettings = {
				ALWAYS_EMBED_SWIFT_STANDARD_LIBRARIES = YES;
				BUNDLE_LOADER = "$(TEST_HOST)";
				CODE_SIGN_STYLE = Automatic;
				DEVELOPMENT_TEAM = RET4F8AAX3;
				INFOPLIST_FILE = NKLoadingViewTests/Info.plist;
				LD_RUNPATH_SEARCH_PATHS = (
					"$(inherited)",
					"@executable_path/Frameworks",
					"@loader_path/Frameworks",
				);
				PRODUCT_BUNDLE_IDENTIFIER = com.nikesh.nkloadingview.NKLoadingViewTests;
				PRODUCT_NAME = "$(TARGET_NAME)";
				SWIFT_VERSION = 4.0;
				TARGETED_DEVICE_FAMILY = "1,2";
				TEST_HOST = "$(BUILT_PRODUCTS_DIR)/NKLoadingView.app/NKLoadingView";
			};
			name = Release;
		};
		73919F1B214BDCB600E27EF7 /* Debug */ = {
			isa = XCBuildConfiguration;
			buildSettings = {
				ALWAYS_EMBED_SWIFT_STANDARD_LIBRARIES = YES;
				CODE_SIGN_STYLE = Automatic;
				DEVELOPMENT_TEAM = RET4F8AAX3;
				INFOPLIST_FILE = NKLoadingViewUITests/Info.plist;
				LD_RUNPATH_SEARCH_PATHS = (
					"$(inherited)",
					"@executable_path/Frameworks",
					"@loader_path/Frameworks",
				);
				PRODUCT_BUNDLE_IDENTIFIER = com.nikesh.nkloadingview.NKLoadingViewUITests;
				PRODUCT_NAME = "$(TARGET_NAME)";
				SWIFT_VERSION = 4.0;
				TARGETED_DEVICE_FAMILY = "1,2";
				TEST_TARGET_NAME = NKLoadingView;
			};
			name = Debug;
		};
		73919F1C214BDCB600E27EF7 /* Release */ = {
			isa = XCBuildConfiguration;
			buildSettings = {
				ALWAYS_EMBED_SWIFT_STANDARD_LIBRARIES = YES;
				CODE_SIGN_STYLE = Automatic;
				DEVELOPMENT_TEAM = RET4F8AAX3;
				INFOPLIST_FILE = NKLoadingViewUITests/Info.plist;
				LD_RUNPATH_SEARCH_PATHS = (
					"$(inherited)",
					"@executable_path/Frameworks",
					"@loader_path/Frameworks",
				);
				PRODUCT_BUNDLE_IDENTIFIER = com.nikesh.nkloadingview.NKLoadingViewUITests;
				PRODUCT_NAME = "$(TARGET_NAME)";
				SWIFT_VERSION = 4.0;
				TARGETED_DEVICE_FAMILY = "1,2";
				TEST_TARGET_NAME = NKLoadingView;
			};
			name = Release;
		};
/* End XCBuildConfiguration section */

/* Begin XCConfigurationList section */
		73919EE7214BDCB100E27EF7 /* Build configuration list for PBXProject "NKLoadingView" */ = {
			isa = XCConfigurationList;
			buildConfigurations = (
				73919F12214BDCB600E27EF7 /* Debug */,
				73919F13214BDCB600E27EF7 /* Release */,
			);
			defaultConfigurationIsVisible = 0;
			defaultConfigurationName = Release;
		};
		73919F14214BDCB600E27EF7 /* Build configuration list for PBXNativeTarget "NKLoadingView" */ = {
			isa = XCConfigurationList;
			buildConfigurations = (
				73919F15214BDCB600E27EF7 /* Debug */,
				73919F16214BDCB600E27EF7 /* Release */,
			);
			defaultConfigurationIsVisible = 0;
			defaultConfigurationName = Release;
		};
		73919F17214BDCB600E27EF7 /* Build configuration list for PBXNativeTarget "NKLoadingViewTests" */ = {
			isa = XCConfigurationList;
			buildConfigurations = (
				73919F18214BDCB600E27EF7 /* Debug */,
				73919F19214BDCB600E27EF7 /* Release */,
			);
			defaultConfigurationIsVisible = 0;
			defaultConfigurationName = Release;
		};
		73919F1A214BDCB600E27EF7 /* Build configuration list for PBXNativeTarget "NKLoadingViewUITests" */ = {
			isa = XCConfigurationList;
			buildConfigurations = (
				73919F1B214BDCB600E27EF7 /* Debug */,
				73919F1C214BDCB600E27EF7 /* Release */,
			);
			defaultConfigurationIsVisible = 0;
			defaultConfigurationName = Release;
		};
/* End XCConfigurationList section */
	};
	rootObject = 73919EE4214BDCB100E27EF7 /* Project object */;
}
